{
  "requires": true,
  "lockfileVersion": 1,
  "dependencies": {
    "@types/angular": {
      "version": "1.7.0",
      "resolved": "https://registry.npmjs.org/@types/angular/-/angular-1.7.0.tgz",
      "integrity": "sha512-zneUmi5I6oSkGBqkRP9rxbWX1mi6Yj7gNV+WNffmJLf8x4cnV0MGqXFNSP90NZ1kRRLCOdKBf9RIVD1TMg4aog=="
    }
  }
}
