{
  "requires": true,
  "lockfileVersion": 1,
  "dependencies": {
    "@types/angular": {
      "version": "1.6.57",
      "resolved": "https://registry.npmjs.org/@types/angular/-/angular-1.6.57.tgz",
      "integrity": "sha512-Pbp8Clanwb/nurGuLUYhKp7eeaEjwyI3MHb3ggjPHYPxysypzEin6UFcrcDv5xhu433axlwQ5BYU9svmcICoAQ=="
    }
  }
}
